
Microsoft Visual Studio Solution File, Format Version 12.00
# Visual Studio Version 17
VisualStudioVersion = 17.5.33530.505
MinimumVisualStudioVersion = 10.0.40219.1
Project("{FAE04EC0-301F-11D3-BF4B-00C04F79EFBC}") = "H3 - Milk and Cookies", "H3 - Milk and Cookies\H3 - Milk and Cookies.csproj", "{BB62A6D0-3AF5-4367-AC8E-F4F708850993}"
EndProject
Global
	GlobalSection(SolutionConfigurationPlatforms) = preSolution
		Debug|Any CPU = Debug|Any CPU
		Release|Any CPU = Release|Any CPU
	EndGlobalSection
	GlobalSection(ProjectConfigurationPlatforms) = postSolution
		{BB62A6D0-3AF5-4367-AC8E-F4F708850993}.Debug|Any CPU.ActiveCfg = Debug|Any CPU
		{BB62A6D0-3AF5-4367-AC8E-F4F708850993}.Debug|Any CPU.Build.0 = Debug|Any CPU
		{BB62A6D0-3AF5-4367-AC8E-F4F708850993}.Release|Any CPU.ActiveCfg = Release|Any CPU
		{BB62A6D0-3AF5-4367-AC8E-F4F708850993}.Release|Any CPU.Build.0 = Release|Any CPU
	EndGlobalSection
	GlobalSection(SolutionProperties) = preSolution
		HideSolutionNode = FALSE
	EndGlobalSection
	GlobalSection(ExtensibilityGlobals) = postSolution
		SolutionGuid = {F6D81344-805E-4C68-83CD-3B312927738E}
	EndGlobalSection
EndGlobal
